
Microsoft Visual Studio Solution File, Format Version 12.00
# Visual Studio Version 17
VisualStudioVersion = 17.5.002.0
MinimumVisualStudioVersion = 10.0.40219.1
Project("{9A19103F-16F7-4668-BE54-9A1E7A4F7556}") = "ProdutoAPI", "ProdutoAPI\ProdutoAPI.csproj", "{55981634-5DFC-4A85-BBEA-36B7F8858A36}"
EndProject
Global
	GlobalSection(SolutionConfigurationPlatforms) = preSolution
		Debug|Any CPU = Debug|Any CPU
		Release|Any CPU = Release|Any CPU
	EndGlobalSection
	GlobalSection(ProjectConfigurationPlatforms) = postSolution
		{55981634-5DFC-4A85-BBEA-36B7F8858A36}.Debug|Any CPU.ActiveCfg = Debug|Any CPU
		{55981634-5DFC-4A85-BBEA-36B7F8858A36}.Debug|Any CPU.Build.0 = Debug|Any CPU
		{55981634-5DFC-4A85-BBEA-36B7F8858A36}.Release|Any CPU.ActiveCfg = Release|Any CPU
		{55981634-5DFC-4A85-BBEA-36B7F8858A36}.Release|Any CPU.Build.0 = Release|Any CPU
	EndGlobalSection
	GlobalSection(SolutionProperties) = preSolution
		HideSolutionNode = FALSE
	EndGlobalSection
	GlobalSection(ExtensibilityGlobals) = postSolution
		SolutionGuid = {5B22D2DD-1056-4DAC-B723-CD5C410C64DF}
	EndGlobalSection
EndGlobal
